
Microsoft Visual Studio Solution File, Format Version 12.00
# Visual Studio 15
VisualStudioVersion = 15.0.27004.2006
MinimumVisualStudioVersion = 10.0.40219.1
Project("{FAE04EC0-301F-11D3-BF4B-00C04F79EFBC}") = "01. Max Sequence of Equal Elements", "01. Max Sequence of Equal Elements\01. Max Sequence of Equal Elements.csproj", "{DC583525-0D83-425A-AD64-FDECF7727AB5}"
EndProject
Project("{FAE04EC0-301F-11D3-BF4B-00C04F79EFBC}") = "02. Longest Increasing Subsequence", "02. Longest Increasing Subsequence\02. Longest Increasing Subsequence.csproj", "{99F844E8-AEFC-49B2-8F6C-7A011C89F339}"
EndProject
Project("{FAE04EC0-301F-11D3-BF4B-00C04F79EFBC}") = "03. Array Manipulator", "03. Array Manipulator\03. Array Manipulator.csproj", "{1AA4ED8F-AF5E-48BE-BF44-A8A58443EDDC}"
EndProject
Project("{FAE04EC0-301F-11D3-BF4B-00C04F79EFBC}") = "04. Sum Reversed Numbers", "04. Sum Reversed Numbers\04. Sum Reversed Numbers.csproj", "{98479AC6-52DA-41A7-B6BF-C878931B3F0A}"
EndProject
Project("{FAE04EC0-301F-11D3-BF4B-00C04F79EFBC}") = "05. Bomb Numbers", "05. Bomb Numbers\05. Bomb Numbers.csproj", "{8A6D5D27-ECC1-463C-B707-20128386E227}"
EndProject
Global
	GlobalSection(SolutionConfigurationPlatforms) = preSolution
		Debug|Any CPU = Debug|Any CPU
		Release|Any CPU = Release|Any CPU
	EndGlobalSection
	GlobalSection(ProjectConfigurationPlatforms) = postSolution
		{DC583525-0D83-425A-AD64-FDECF7727AB5}.Debug|Any CPU.ActiveCfg = Debug|Any CPU
		{DC583525-0D83-425A-AD64-FDECF7727AB5}.Debug|Any CPU.Build.0 = Debug|Any CPU
		{DC583525-0D83-425A-AD64-FDECF7727AB5}.Release|Any CPU.ActiveCfg = Release|Any CPU
		{DC583525-0D83-425A-AD64-FDECF7727AB5}.Release|Any CPU.Build.0 = Release|Any CPU
		{99F844E8-AEFC-49B2-8F6C-7A011C89F339}.Debug|Any CPU.ActiveCfg = Debug|Any CPU
		{99F844E8-AEFC-49B2-8F6C-7A011C89F339}.Debug|Any CPU.Build.0 = Debug|Any CPU
		{99F844E8-AEFC-49B2-8F6C-7A011C89F339}.Release|Any CPU.ActiveCfg = Release|Any CPU
		{99F844E8-AEFC-49B2-8F6C-7A011C89F339}.Release|Any CPU.Build.0 = Release|Any CPU
		{1AA4ED8F-AF5E-48BE-BF44-A8A58443EDDC}.Debug|Any CPU.ActiveCfg = Debug|Any CPU
		{1AA4ED8F-AF5E-48BE-BF44-A8A58443EDDC}.Debug|Any CPU.Build.0 = Debug|Any CPU
		{1AA4ED8F-AF5E-48BE-BF44-A8A58443EDDC}.Release|Any CPU.ActiveCfg = Release|Any CPU
		{1AA4ED8F-AF5E-48BE-BF44-A8A58443EDDC}.Release|Any CPU.Build.0 = Release|Any CPU
		{98479AC6-52DA-41A7-B6BF-C878931B3F0A}.Debug|Any CPU.ActiveCfg = Debug|Any CPU
		{98479AC6-52DA-41A7-B6BF-C878931B3F0A}.Debug|Any CPU.Build.0 = Debug|Any CPU
		{98479AC6-52DA-41A7-B6BF-C878931B3F0A}.Release|Any CPU.ActiveCfg = Release|Any CPU
		{98479AC6-52DA-41A7-B6BF-C878931B3F0A}.Release|Any CPU.Build.0 = Release|Any CPU
		{8A6D5D27-ECC1-463C-B707-20128386E227}.Debug|Any CPU.ActiveCfg = Debug|Any CPU
		{8A6D5D27-ECC1-463C-B707-20128386E227}.Debug|Any CPU.Build.0 = Debug|Any CPU
		{8A6D5D27-ECC1-463C-B707-20128386E227}.Release|Any CPU.ActiveCfg = Release|Any CPU
		{8A6D5D27-ECC1-463C-B707-20128386E227}.Release|Any CPU.Build.0 = Release|Any CPU
	EndGlobalSection
	GlobalSection(SolutionProperties) = preSolution
		HideSolutionNode = FALSE
	EndGlobalSection
	GlobalSection(ExtensibilityGlobals) = postSolution
		SolutionGuid = {1B7560CE-EFDB-4FC9-B5D2-2991E1940CC9}
	EndGlobalSection
EndGlobal
